// !$*UTF8*$!
{
	archiveVersion = 1;
	classes = {
	};
	objectVersion = 46;
	objects = {

/* Begin PBXBuildFile section */
		82CD4FCC1B8AB12300FC1D31 /* AppDelegate.swift in Sources */ = {isa = PBXBuildFile; fileRef = 82CD4FCB1B8AB12300FC1D31 /* AppDelegate.swift */; };
		82CD4FCE1B8AB12300FC1D31 /* ViewController.swift in Sources */ = {isa = PBXBuildFile; fileRef = 82CD4FCD1B8AB12300FC1D31 /* ViewController.swift */; };
		82CD4FD01B8AB12300FC1D31 /* Images.xcassets in Resources */ = {isa = PBXBuildFile; fileRef = 82CD4FCF1B8AB12300FC1D31 /* Images.xcassets */; };
		82CD4FD31B8AB12300FC1D31 /* Main.storyboard in Resources */ = {isa = PBXBuildFile; fileRef = 82CD4FD11B8AB12300FC1D31 /* Main.storyboard */; };
		82CD4FDF1B8AB12300FC1D31 /* Sqlite_Entities_GeneratesTests.swift in Sources */ = {isa = PBXBuildFile; fileRef = 82CD4FDE1B8AB12300FC1D31 /* Sqlite_Entities_GeneratesTests.swift */; };
		82CD4FF61B8AB35A00FC1D31 /* FMDatabase.m in Sources */ = {isa = PBXBuildFile; fileRef = 82CD4FEB1B8AB35A00FC1D31 /* FMDatabase.m */; };
		82CD4FF71B8AB35A00FC1D31 /* FMDatabaseAdditions.m in Sources */ = {isa = PBXBuildFile; fileRef = 82CD4FED1B8AB35A00FC1D31 /* FMDatabaseAdditions.m */; };
		82CD4FF81B8AB35A00FC1D31 /* FMDatabasePool.m in Sources */ = {isa = PBXBuildFile; fileRef = 82CD4FEF1B8AB35A00FC1D31 /* FMDatabasePool.m */; };
		82CD4FF91B8AB35A00FC1D31 /* FMDatabaseQueue.m in Sources */ = {isa = PBXBuildFile; fileRef = 82CD4FF11B8AB35A00FC1D31 /* FMDatabaseQueue.m */; };
		82CD4FFA1B8AB35A00FC1D31 /* FMResultSet.m in Sources */ = {isa = PBXBuildFile; fileRef = 82CD4FF41B8AB35A00FC1D31 /* FMResultSet.m */; };
		82CD4FFC1B8AB39A00FC1D31 /* libsqlite3.dylib in Frameworks */ = {isa = PBXBuildFile; fileRef = 82CD4FFB1B8AB39A00FC1D31 /* libsqlite3.dylib */; };
/* End PBXBuildFile section */

/* Begin PBXContainerItemProxy section */
		82CD4FD91B8AB12300FC1D31 /* PBXContainerItemProxy */ = {
			isa = PBXContainerItemProxy;
			containerPortal = 82CD4FBE1B8AB12300FC1D31 /* Project object */;
			proxyType = 1;
			remoteGlobalIDString = 82CD4FC51B8AB12300FC1D31;
			remoteInfo = "Sqlite Entities Generates";
		};
/* End PBXContainerItemProxy section */

/* Begin PBXFileReference section */
		82CD4FC61B8AB12300FC1D31 /* Sqlite Entities Generates.app */ = {isa = PBXFileReference; explicitFileType = wrapper.application; includeInIndex = 0; path = "Sqlite Entities Generates.app"; sourceTree = BUILT_PRODUCTS_DIR; };
		82CD4FCA1B8AB12300FC1D31 /* Info.plist */ = {isa = PBXFileReference; lastKnownFileType = text.plist.xml; path = Info.plist; sourceTree = "<group>"; };
		82CD4FCB1B8AB12300FC1D31 /* AppDelegate.swift */ = {isa = PBXFileReference; lastKnownFileType = sourcecode.swift; path = AppDelegate.swift; sourceTree = "<group>"; };
		82CD4FCD1B8AB12300FC1D31 /* ViewController.swift */ = {isa = PBXFileReference; lastKnownFileType = sourcecode.swift; path = ViewController.swift; sourceTree = "<group>"; };
		82CD4FCF1B8AB12300FC1D31 /* Images.xcassets */ = {isa = PBXFileReference; lastKnownFileType = folder.assetcatalog; path = Images.xcassets; sourceTree = "<group>"; };
		82CD4FD21B8AB12300FC1D31 /* Base */ = {isa = PBXFileReference; lastKnownFileType = file.storyboard; name = Base; path = Base.lproj/Main.storyboard; sourceTree = "<group>"; };
		82CD4FD81B8AB12300FC1D31 /* Sqlite Entities GeneratesTests.xctest */ = {isa = PBXFileReference; explicitFileType = wrapper.cfbundle; includeInIndex = 0; path = "Sqlite Entities GeneratesTests.xctest"; sourceTree = BUILT_PRODUCTS_DIR; };
		82CD4FDD1B8AB12300FC1D31 /* Info.plist */ = {isa = PBXFileReference; lastKnownFileType = text.plist.xml; path = Info.plist; sourceTree = "<group>"; };
		82CD4FDE1B8AB12300FC1D31 /* Sqlite_Entities_GeneratesTests.swift */ = {isa = PBXFileReference; lastKnownFileType = sourcecode.swift; path = Sqlite_Entities_GeneratesTests.swift; sourceTree = "<group>"; };
		82CD4FEA1B8AB35A00FC1D31 /* FMDatabase.h */ = {isa = PBXFileReference; fileEncoding = 4; lastKnownFileType = sourcecode.c.h; path = FMDatabase.h; sourceTree = "<group>"; };
		82CD4FEB1B8AB35A00FC1D31 /* FMDatabase.m */ = {isa = PBXFileReference; fileEncoding = 4; lastKnownFileType = sourcecode.c.objc; path = FMDatabase.m; sourceTree = "<group>"; };
		82CD4FEC1B8AB35A00FC1D31 /* FMDatabaseAdditions.h */ = {isa = PBXFileReference; fileEncoding = 4; lastKnownFileType = sourcecode.c.h; path = FMDatabaseAdditions.h; sourceTree = "<group>"; };
		82CD4FED1B8AB35A00FC1D31 /* FMDatabaseAdditions.m */ = {isa = PBXFileReference; fileEncoding = 4; lastKnownFileType = sourcecode.c.objc; path = FMDatabaseAdditions.m; sourceTree = "<group>"; };
		82CD4FEE1B8AB35A00FC1D31 /* FMDatabasePool.h */ = {isa = PBXFileReference; fileEncoding = 4; lastKnownFileType = sourcecode.c.h; path = FMDatabasePool.h; sourceTree = "<group>"; };
		82CD4FEF1B8AB35A00FC1D31 /* FMDatabasePool.m */ = {isa = PBXFileReference; fileEncoding = 4; lastKnownFileType = sourcecode.c.objc; path = FMDatabasePool.m; sourceTree = "<group>"; };
		82CD4FF01B8AB35A00FC1D31 /* FMDatabaseQueue.h */ = {isa = PBXFileReference; fileEncoding = 4; lastKnownFileType = sourcecode.c.h; path = FMDatabaseQueue.h; sourceTree = "<group>"; };
		82CD4FF11B8AB35A00FC1D31 /* FMDatabaseQueue.m */ = {isa = PBXFileReference; fileEncoding = 4; lastKnownFileType = sourcecode.c.objc; path = FMDatabaseQueue.m; sourceTree = "<group>"; };
		82CD4FF21B8AB35A00FC1D31 /* FMDB.h */ = {isa = PBXFileReference; fileEncoding = 4; lastKnownFileType = sourcecode.c.h; path = FMDB.h; sourceTree = "<group>"; };
		82CD4FF31B8AB35A00FC1D31 /* FMResultSet.h */ = {isa = PBXFileReference; fileEncoding = 4; lastKnownFileType = sourcecode.c.h; path = FMResultSet.h; sourceTree = "<group>"; };
		82CD4FF41B8AB35A00FC1D31 /* FMResultSet.m */ = {isa = PBXFileReference; fileEncoding = 4; lastKnownFileType = sourcecode.c.objc; path = FMResultSet.m; sourceTree = "<group>"; };
		82CD4FF51B8AB35A00FC1D31 /* Objective-CBridgingHeader.h */ = {isa = PBXFileReference; fileEncoding = 4; lastKnownFileType = sourcecode.c.h; path = "Objective-CBridgingHeader.h"; sourceTree = "<group>"; };
		82CD4FFB1B8AB39A00FC1D31 /* libsqlite3.dylib */ = {isa = PBXFileReference; lastKnownFileType = "compiled.mach-o.dylib"; name = libsqlite3.dylib; path = usr/lib/libsqlite3.dylib; sourceTree = SDKROOT; };
/* End PBXFileReference section */

/* Begin PBXFrameworksBuildPhase section */
		82CD4FC31B8AB12300FC1D31 /* Frameworks */ = {
			isa = PBXFrameworksBuildPhase;
			buildActionMask = 2147483647;
			files = (
				82CD4FFC1B8AB39A00FC1D31 /* libsqlite3.dylib in Frameworks */,
			);
			runOnlyForDeploymentPostprocessing = 0;
		};
		82CD4FD51B8AB12300FC1D31 /* Frameworks */ = {
			isa = PBXFrameworksBuildPhase;
			buildActionMask = 2147483647;
			files = (
			);
			runOnlyForDeploymentPostprocessing = 0;
		};
/* End PBXFrameworksBuildPhase section */

/* Begin PBXGroup section */
		82CD4FBD1B8AB12300FC1D31 = {
			isa = PBXGroup;
			children = (
				82CD4FFB1B8AB39A00FC1D31 /* libsqlite3.dylib */,
				82CD4FC81B8AB12300FC1D31 /* Sqlite Entities Generates */,
				82CD4FDB1B8AB12300FC1D31 /* Sqlite Entities GeneratesTests */,
				82CD4FC71B8AB12300FC1D31 /* Products */,
			);
			sourceTree = "<group>";
		};
		82CD4FC71B8AB12300FC1D31 /* Products */ = {
			isa = PBXGroup;
			children = (
				82CD4FC61B8AB12300FC1D31 /* Sqlite Entities Generates.app */,
				82CD4FD81B8AB12300FC1D31 /* Sqlite Entities GeneratesTests.xctest */,
			);
			name = Products;
			sourceTree = "<group>";
		};
		82CD4FC81B8AB12300FC1D31 /* Sqlite Entities Generates */ = {
			isa = PBXGroup;
			children = (
				82CD4FE81B8AB35A00FC1D31 /* library */,
				82CD4FCB1B8AB12300FC1D31 /* AppDelegate.swift */,
				82CD4FCD1B8AB12300FC1D31 /* ViewController.swift */,
				82CD4FCF1B8AB12300FC1D31 /* Images.xcassets */,
				82CD4FD11B8AB12300FC1D31 /* Main.storyboard */,
				82CD4FC91B8AB12300FC1D31 /* Supporting Files */,
			);
			path = "Sqlite Entities Generates";
			sourceTree = "<group>";
		};
		82CD4FC91B8AB12300FC1D31 /* Supporting Files */ = {
			isa = PBXGroup;
			children = (
				82CD4FCA1B8AB12300FC1D31 /* Info.plist */,
			);
			name = "Supporting Files";
			sourceTree = "<group>";
		};
		82CD4FDB1B8AB12300FC1D31 /* Sqlite Entities GeneratesTests */ = {
			isa = PBXGroup;
			children = (
				82CD4FDE1B8AB12300FC1D31 /* Sqlite_Entities_GeneratesTests.swift */,
				82CD4FDC1B8AB12300FC1D31 /* Supporting Files */,
			);
			path = "Sqlite Entities GeneratesTests";
			sourceTree = "<group>";
		};
		82CD4FDC1B8AB12300FC1D31 /* Supporting Files */ = {
			isa = PBXGroup;
			children = (
				82CD4FDD1B8AB12300FC1D31 /* Info.plist */,
			);
			name = "Supporting Files";
			sourceTree = "<group>";
		};
		82CD4FE81B8AB35A00FC1D31 /* library */ = {
			isa = PBXGroup;
			children = (
				82CD4FE91B8AB35A00FC1D31 /* fmdb */,
				82CD4FF51B8AB35A00FC1D31 /* Objective-CBridgingHeader.h */,
			);
			path = library;
			sourceTree = "<group>";
		};
		82CD4FE91B8AB35A00FC1D31 /* fmdb */ = {
			isa = PBXGroup;
			children = (
				82CD4FEA1B8AB35A00FC1D31 /* FMDatabase.h */,
				82CD4FEB1B8AB35A00FC1D31 /* FMDatabase.m */,
				82CD4FEC1B8AB35A00FC1D31 /* FMDatabaseAdditions.h */,
				82CD4FED1B8AB35A00FC1D31 /* FMDatabaseAdditions.m */,
				82CD4FEE1B8AB35A00FC1D31 /* FMDatabasePool.h */,
				82CD4FEF1B8AB35A00FC1D31 /* FMDatabasePool.m */,
				82CD4FF01B8AB35A00FC1D31 /* FMDatabaseQueue.h */,
				82CD4FF11B8AB35A00FC1D31 /* FMDatabaseQueue.m */,
				82CD4FF21B8AB35A00FC1D31 /* FMDB.h */,
				82CD4FF31B8AB35A00FC1D31 /* FMResultSet.h */,
				82CD4FF41B8AB35A00FC1D31 /* FMResultSet.m */,
			);
			path = fmdb;
			sourceTree = "<group>";
		};
/* End PBXGroup section */

/* Begin PBXNativeTarget section */
		82CD4FC51B8AB12300FC1D31 /* Sqlite Entities Generates */ = {
			isa = PBXNativeTarget;
			buildConfigurationList = 82CD4FE21B8AB12300FC1D31 /* Build configuration list for PBXNativeTarget "Sqlite Entities Generates" */;
			buildPhases = (
				82CD4FC21B8AB12300FC1D31 /* Sources */,
				82CD4FC31B8AB12300FC1D31 /* Frameworks */,
				82CD4FC41B8AB12300FC1D31 /* Resources */,
			);
			buildRules = (
			);
			dependencies = (
			);
			name = "Sqlite Entities Generates";
			productName = "Sqlite Entities Generates";
			productReference = 82CD4FC61B8AB12300FC1D31 /* Sqlite Entities Generates.app */;
			productType = "com.apple.product-type.application";
		};
		82CD4FD71B8AB12300FC1D31 /* Sqlite Entities GeneratesTests */ = {
			isa = PBXNativeTarget;
			buildConfigurationList = 82CD4FE51B8AB12300FC1D31 /* Build configuration list for PBXNativeTarget "Sqlite Entities GeneratesTests" */;
			buildPhases = (
				82CD4FD41B8AB12300FC1D31 /* Sources */,
				82CD4FD51B8AB12300FC1D31 /* Frameworks */,
				82CD4FD61B8AB12300FC1D31 /* Resources */,
			);
			buildRules = (
			);
			dependencies = (
				82CD4FDA1B8AB12300FC1D31 /* PBXTargetDependency */,
			);
			name = "Sqlite Entities GeneratesTests";
			productName = "Sqlite Entities GeneratesTests";
			productReference = 82CD4FD81B8AB12300FC1D31 /* Sqlite Entities GeneratesTests.xctest */;
			productType = "com.apple.product-type.bundle.unit-test";
		};
/* End PBXNativeTarget section */

/* Begin PBXProject section */
		82CD4FBE1B8AB12300FC1D31 /* Project object */ = {
			isa = PBXProject;
			attributes = {
				LastUpgradeCheck = 0640;
				ORGANIZATIONNAME = "Nguyen Thanh Hung";
				TargetAttributes = {
					82CD4FC51B8AB12300FC1D31 = {
						CreatedOnToolsVersion = 6.4;
					};
					82CD4FD71B8AB12300FC1D31 = {
						CreatedOnToolsVersion = 6.4;
						TestTargetID = 82CD4FC51B8AB12300FC1D31;
					};
				};
			};
			buildConfigurationList = 82CD4FC11B8AB12300FC1D31 /* Build configuration list for PBXProject "Sqlite Entities Generates" */;
			compatibilityVersion = "Xcode 3.2";
			developmentRegion = English;
			hasScannedForEncodings = 0;
			knownRegions = (
				en,
				Base,
			);
			mainGroup = 82CD4FBD1B8AB12300FC1D31;
			productRefGroup = 82CD4FC71B8AB12300FC1D31 /* Products */;
			projectDirPath = "";
			projectRoot = "";
			targets = (
				82CD4FC51B8AB12300FC1D31 /* Sqlite Entities Generates */,
				82CD4FD71B8AB12300FC1D31 /* Sqlite Entities GeneratesTests */,
			);
		};
/* End PBXProject section */

/* Begin PBXResourcesBuildPhase section */
		82CD4FC41B8AB12300FC1D31 /* Resources */ = {
			isa = PBXResourcesBuildPhase;
			buildActionMask = 2147483647;
			files = (
				82CD4FD01B8AB12300FC1D31 /* Images.xcassets in Resources */,
				82CD4FD31B8AB12300FC1D31 /* Main.storyboard in Resources */,
			);
			runOnlyForDeploymentPostprocessing = 0;
		};
		82CD4FD61B8AB12300FC1D31 /* Resources */ = {
			isa = PBXResourcesBuildPhase;
			buildActionMask = 2147483647;
			files = (
			);
			runOnlyForDeploymentPostprocessing = 0;
		};
/* End PBXResourcesBuildPhase section */

/* Begin PBXSourcesBuildPhase section */
		82CD4FC21B8AB12300FC1D31 /* Sources */ = {
			isa = PBXSourcesBuildPhase;
			buildActionMask = 2147483647;
			files = (
				82CD4FF61B8AB35A00FC1D31 /* FMDatabase.m in Sources */,
				82CD4FCE1B8AB12300FC1D31 /* ViewController.swift in Sources */,
				82CD4FFA1B8AB35A00FC1D31 /* FMResultSet.m in Sources */,
				82CD4FF81B8AB35A00FC1D31 /* FMDatabasePool.m in Sources */,
				82CD4FCC1B8AB12300FC1D31 /* AppDelegate.swift in Sources */,
				82CD4FF71B8AB35A00FC1D31 /* FMDatabaseAdditions.m in Sources */,
				82CD4FF91B8AB35A00FC1D31 /* FMDatabaseQueue.m in Sources */,
			);
			runOnlyForDeploymentPostprocessing = 0;
		};
		82CD4FD41B8AB12300FC1D31 /* Sources */ = {
			isa = PBXSourcesBuildPhase;
			buildActionMask = 2147483647;
			files = (
				82CD4FDF1B8AB12300FC1D31 /* Sqlite_Entities_GeneratesTests.swift in Sources */,
			);
			runOnlyForDeploymentPostprocessing = 0;
		};
/* End PBXSourcesBuildPhase section */

/* Begin PBXTargetDependency section */
		82CD4FDA1B8AB12300FC1D31 /* PBXTargetDependency */ = {
			isa = PBXTargetDependency;
			target = 82CD4FC51B8AB12300FC1D31 /* Sqlite Entities Generates */;
			targetProxy = 82CD4FD91B8AB12300FC1D31 /* PBXContainerItemProxy */;
		};
/* End PBXTargetDependency section */

/* Begin PBXVariantGroup section */
		82CD4FD11B8AB12300FC1D31 /* Main.storyboard */ = {
			isa = PBXVariantGroup;
			children = (
				82CD4FD21B8AB12300FC1D31 /* Base */,
			);
			name = Main.storyboard;
			sourceTree = "<group>";
		};
/* End PBXVariantGroup section */

/* Begin XCBuildConfiguration section */
		82CD4FE01B8AB12300FC1D31 /* Debug */ = {
			isa = XCBuildConfiguration;
			buildSettings = {
				ALWAYS_SEARCH_USER_PATHS = NO;
				CLANG_CXX_LANGUAGE_STANDARD = "gnu++0x";
				CLANG_CXX_LIBRARY = "libc++";
				CLANG_ENABLE_MODULES = YES;
				CLANG_ENABLE_OBJC_ARC = YES;
				CLANG_WARN_BOOL_CONVERSION = YES;
				CLANG_WARN_CONSTANT_CONVERSION = YES;
				CLANG_WARN_DIRECT_OBJC_ISA_USAGE = YES_ERROR;
				CLANG_WARN_EMPTY_BODY = YES;
				CLANG_WARN_ENUM_CONVERSION = YES;
				CLANG_WARN_INT_CONVERSION = YES;
				CLANG_WARN_OBJC_ROOT_CLASS = YES_ERROR;
				CLANG_WARN_UNREACHABLE_CODE = YES;
				CLANG_WARN__DUPLICATE_METHOD_MATCH = YES;
				CODE_SIGN_IDENTITY = "-";
				COPY_PHASE_STRIP = NO;
				DEBUG_INFORMATION_FORMAT = dwarf;
				ENABLE_STRICT_OBJC_MSGSEND = YES;
				GCC_C_LANGUAGE_STANDARD = gnu99;
				GCC_DYNAMIC_NO_PIC = NO;
				GCC_NO_COMMON_BLOCKS = YES;
				GCC_OPTIMIZATION_LEVEL = 0;
				GCC_PREPROCESSOR_DEFINITIONS = (
					"DEBUG=1",
					"$(inherited)",
				);
				GCC_SYMBOLS_PRIVATE_EXTERN = NO;
				GCC_WARN_64_TO_32_BIT_CONVERSION = YES;
				GCC_WARN_ABOUT_RETURN_TYPE = YES_ERROR;
				GCC_WARN_UNDECLARED_SELECTOR = YES;
				GCC_WARN_UNINITIALIZED_AUTOS = YES_AGGRESSIVE;
				GCC_WARN_UNUSED_FUNCTION = YES;
				GCC_WARN_UNUSED_VARIABLE = YES;
				MACOSX_DEPLOYMENT_TARGET = 10.10;
				MTL_ENABLE_DEBUG_INFO = YES;
				ONLY_ACTIVE_ARCH = YES;
				SDKROOT = macosx;
				SWIFT_OPTIMIZATION_LEVEL = "-Onone";
			};
			name = Debug;
		};
		82CD4FE11B8AB12300FC1D31 /* Release */ = {
			isa = XCBuildConfiguration;
			buildSettings = {
				ALWAYS_SEARCH_USER_PATHS = NO;
				CLANG_CXX_LANGUAGE_STANDARD = "gnu++0x";
				CLANG_CXX_LIBRARY = "libc++";
				CLANG_ENABLE_MODULES = YES;
				CLANG_ENABLE_OBJC_ARC = YES;
				CLANG_WARN_BOOL_CONVERSION = YES;
				CLANG_WARN_CONSTANT_CONVERSION = YES;
				CLANG_WARN_DIRECT_OBJC_ISA_USAGE = YES_ERROR;
				CLANG_WARN_EMPTY_BODY = YES;
				CLANG_WARN_ENUM_CONVERSION = YES;
				CLANG_WARN_INT_CONVERSION = YES;
				CLANG_WARN_OBJC_ROOT_CLASS = YES_ERROR;
				CLANG_WARN_UNREACHABLE_CODE = YES;
				CLANG_WARN__DUPLICATE_METHOD_MATCH = YES;
				CODE_SIGN_IDENTITY = "-";
				COPY_PHASE_STRIP = NO;
				DEBUG_INFORMATION_FORMAT = "dwarf-with-dsym";
				ENABLE_NS_ASSERTIONS = NO;
				ENABLE_STRICT_OBJC_MSGSEND = YES;
				GCC_C_LANGUAGE_STANDARD = gnu99;
				GCC_NO_COMMON_BLOCKS = YES;
				GCC_WARN_64_TO_32_BIT_CONVERSION = YES;
				GCC_WARN_ABOUT_RETURN_TYPE = YES_ERROR;
				GCC_WARN_UNDECLARED_SELECTOR = YES;
				GCC_WARN_UNINITIALIZED_AUTOS = YES_AGGRESSIVE;
				GCC_WARN_UNUSED_FUNCTION = YES;
				GCC_WARN_UNUSED_VARIABLE = YES;
				MACOSX_DEPLOYMENT_TARGET = 10.10;
				MTL_ENABLE_DEBUG_INFO = NO;
				SDKROOT = macosx;
			};
			name = Release;
		};
		82CD4FE31B8AB12300FC1D31 /* Debug */ = {
			isa = XCBuildConfiguration;
			buildSettings = {
				ASSETCATALOG_COMPILER_APPICON_NAME = AppIcon;
				COMBINE_HIDPI_IMAGES = YES;
				INFOPLIST_FILE = "Sqlite Entities Generates/Info.plist";
				LD_RUNPATH_SEARCH_PATHS = "$(inherited) @executable_path/../Frameworks";
				PRODUCT_NAME = "$(TARGET_NAME)";
				SWIFT_OBJC_BRIDGING_HEADER = "$PROJECT/library/Objective-CBridgingHeader.h";
			};
			name = Debug;
		};
		82CD4FE41B8AB12300FC1D31 /* Release */ = {
			isa = XCBuildConfiguration;
			buildSettings = {
				ASSETCATALOG_COMPILER_APPICON_NAME = AppIcon;
				COMBINE_HIDPI_IMAGES = YES;
				INFOPLIST_FILE = "Sqlite Entities Generates/Info.plist";
				LD_RUNPATH_SEARCH_PATHS = "$(inherited) @executable_path/../Frameworks";
				PRODUCT_NAME = "$(TARGET_NAME)";
				SWIFT_OBJC_BRIDGING_HEADER = "$PROJECT/library/Objective-CBridgingHeader.h";
			};
			name = Release;
		};
		82CD4FE61B8AB12300FC1D31 /* Debug */ = {
			isa = XCBuildConfiguration;
			buildSettings = {
				BUNDLE_LOADER = "$(TEST_HOST)";
				COMBINE_HIDPI_IMAGES = YES;
				FRAMEWORK_SEARCH_PATHS = (
					"$(DEVELOPER_FRAMEWORKS_DIR)",
					"$(inherited)",
				);
				GCC_PREPROCESSOR_DEFINITIONS = (
					"DEBUG=1",
					"$(inherited)",
				);
				INFOPLIST_FILE = "Sqlite Entities GeneratesTests/Info.plist";
				LD_RUNPATH_SEARCH_PATHS = "$(inherited) @executable_path/../Frameworks @loader_path/../Frameworks";
				PRODUCT_NAME = "$(TARGET_NAME)";
				TEST_HOST = "$(BUILT_PRODUCTS_DIR)/Sqlite Entities Generates.app/Contents/MacOS/Sqlite Entities Generates";
			};
			name = Debug;
		};
		82CD4FE71B8AB12300FC1D31 /* Release */ = {
			isa = XCBuildConfiguration;
			buildSettings = {
				BUNDLE_LOADER = "$(TEST_HOST)";
				COMBINE_HIDPI_IMAGES = YES;
				FRAMEWORK_SEARCH_PATHS = (
					"$(DEVELOPER_FRAMEWORKS_DIR)",
					"$(inherited)",
				);
				INFOPLIST_FILE = "Sqlite Entities GeneratesTests/Info.plist";
				LD_RUNPATH_SEARCH_PATHS = "$(inherited) @executable_path/../Frameworks @loader_path/../Frameworks";
				PRODUCT_NAME = "$(TARGET_NAME)";
				TEST_HOST = "$(BUILT_PRODUCTS_DIR)/Sqlite Entities Generates.app/Contents/MacOS/Sqlite Entities Generates";
			};
			name = Release;
		};
/* End XCBuildConfiguration section */

/* Begin XCConfigurationList section */
		82CD4FC11B8AB12300FC1D31 /* Build configuration list for PBXProject "Sqlite Entities Generates" */ = {
			isa = XCConfigurationList;
			buildConfigurations = (
				82CD4FE01B8AB12300FC1D31 /* Debug */,
				82CD4FE11B8AB12300FC1D31 /* Release */,
			);
			defaultConfigurationIsVisible = 0;
			defaultConfigurationName = Release;
		};
		82CD4FE21B8AB12300FC1D31 /* Build configuration list for PBXNativeTarget "Sqlite Entities Generates" */ = {
			isa = XCConfigurationList;
			buildConfigurations = (
				82CD4FE31B8AB12300FC1D31 /* Debug */,
				82CD4FE41B8AB12300FC1D31 /* Release */,
			);
			defaultConfigurationIsVisible = 0;
		};
		82CD4FE51B8AB12300FC1D31 /* Build configuration list for PBXNativeTarget "Sqlite Entities GeneratesTests" */ = {
			isa = XCConfigurationList;
			buildConfigurations = (
				82CD4FE61B8AB12300FC1D31 /* Debug */,
				82CD4FE71B8AB12300FC1D31 /* Release */,
			);
			defaultConfigurationIsVisible = 0;
		};
/* End XCConfigurationList section */
	};
	rootObject = 82CD4FBE1B8AB12300FC1D31 /* Project object */;
}
